// !$*UTF8*$!
{
	archiveVersion = 1;
	classes = {
	};
	objectVersion = 55;
	objects = {

/* Begin PBXBuildFile section */
		B85FBF63278DCA370044FC61 /* DataSource.swift in Sources */ = {isa = PBXBuildFile; fileRef = B85FBF62278DCA370044FC61 /* DataSource.swift */; };
		B85FBF66278DCDCA0044FC61 /* APIMoviegluDataSourceProtocol.swift in Sources */ = {isa = PBXBuildFile; fileRef = B85FBF64278DCDCA0044FC61 /* APIMoviegluDataSourceProtocol.swift */; };
		B85FBF67278DCDCA0044FC61 /* APIMoviegluDataSource.swift in Sources */ = {isa = PBXBuildFile; fileRef = B85FBF65278DCDCA0044FC61 /* APIMoviegluDataSource.swift */; };
		B85FBF6E278DDE090044FC61 /* FilmsModel.swift in Sources */ = {isa = PBXBuildFile; fileRef = B85FBF6D278DDE090044FC61 /* FilmsModel.swift */; };
		B8735E02278DC16900E5EC5C /* AppDelegate.swift in Sources */ = {isa = PBXBuildFile; fileRef = B8735E01278DC16900E5EC5C /* AppDelegate.swift */; };
		B8735E06278DC16900E5EC5C /* ViewController.swift in Sources */ = {isa = PBXBuildFile; fileRef = B8735E05278DC16900E5EC5C /* ViewController.swift */; };
		B8735E0B278DC16B00E5EC5C /* Assets.xcassets in Resources */ = {isa = PBXBuildFile; fileRef = B8735E0A278DC16B00E5EC5C /* Assets.xcassets */; };
		B8735E0E278DC16B00E5EC5C /* LaunchScreen.storyboard in Resources */ = {isa = PBXBuildFile; fileRef = B8735E0C278DC16B00E5EC5C /* LaunchScreen.storyboard */; };
		B8735E19278DC16B00E5EC5C /* CarteleraTests.swift in Sources */ = {isa = PBXBuildFile; fileRef = B8735E18278DC16B00E5EC5C /* CarteleraTests.swift */; };
		B8735E23278DC16B00E5EC5C /* CarteleraUITests.swift in Sources */ = {isa = PBXBuildFile; fileRef = B8735E22278DC16B00E5EC5C /* CarteleraUITests.swift */; };
		B8735E25278DC16B00E5EC5C /* CarteleraUITestsLaunchTests.swift in Sources */ = {isa = PBXBuildFile; fileRef = B8735E24278DC16B00E5EC5C /* CarteleraUITestsLaunchTests.swift */; };
		B8735E33278DC35B00E5EC5C /* AppCoordinator.swift in Sources */ = {isa = PBXBuildFile; fileRef = B8735E32278DC35B00E5EC5C /* AppCoordinator.swift */; };
/* End PBXBuildFile section */

/* Begin PBXContainerItemProxy section */
		B8735E15278DC16B00E5EC5C /* PBXContainerItemProxy */ = {
			isa = PBXContainerItemProxy;
			containerPortal = B8735DF6278DC16900E5EC5C /* Project object */;
			proxyType = 1;
			remoteGlobalIDString = B8735DFD278DC16900E5EC5C;
			remoteInfo = Cartelera;
		};
		B8735E1F278DC16B00E5EC5C /* PBXContainerItemProxy */ = {
			isa = PBXContainerItemProxy;
			containerPortal = B8735DF6278DC16900E5EC5C /* Project object */;
			proxyType = 1;
			remoteGlobalIDString = B8735DFD278DC16900E5EC5C;
			remoteInfo = Cartelera;
		};
/* End PBXContainerItemProxy section */

/* Begin PBXFileReference section */
		B85FBF62278DCA370044FC61 /* DataSource.swift */ = {isa = PBXFileReference; lastKnownFileType = sourcecode.swift; path = DataSource.swift; sourceTree = "<group>"; };
		B85FBF64278DCDCA0044FC61 /* APIMoviegluDataSourceProtocol.swift */ = {isa = PBXFileReference; lastKnownFileType = sourcecode.swift; path = APIMoviegluDataSourceProtocol.swift; sourceTree = "<group>"; };
		B85FBF65278DCDCA0044FC61 /* APIMoviegluDataSource.swift */ = {isa = PBXFileReference; lastKnownFileType = sourcecode.swift; path = APIMoviegluDataSource.swift; sourceTree = "<group>"; };
		B85FBF6D278DDE090044FC61 /* FilmsModel.swift */ = {isa = PBXFileReference; lastKnownFileType = sourcecode.swift; path = FilmsModel.swift; sourceTree = "<group>"; };
		B8735DFE278DC16900E5EC5C /* Cartelera.app */ = {isa = PBXFileReference; explicitFileType = wrapper.application; includeInIndex = 0; path = Cartelera.app; sourceTree = BUILT_PRODUCTS_DIR; };
		B8735E01278DC16900E5EC5C /* AppDelegate.swift */ = {isa = PBXFileReference; lastKnownFileType = sourcecode.swift; path = AppDelegate.swift; sourceTree = "<group>"; };
		B8735E05278DC16900E5EC5C /* ViewController.swift */ = {isa = PBXFileReference; lastKnownFileType = sourcecode.swift; path = ViewController.swift; sourceTree = "<group>"; };
		B8735E0A278DC16B00E5EC5C /* Assets.xcassets */ = {isa = PBXFileReference; lastKnownFileType = folder.assetcatalog; path = Assets.xcassets; sourceTree = "<group>"; };
		B8735E0D278DC16B00E5EC5C /* Base */ = {isa = PBXFileReference; lastKnownFileType = file.storyboard; name = Base; path = Base.lproj/LaunchScreen.storyboard; sourceTree = "<group>"; };
		B8735E0F278DC16B00E5EC5C /* Info.plist */ = {isa = PBXFileReference; lastKnownFileType = text.plist.xml; path = Info.plist; sourceTree = "<group>"; };
		B8735E14278DC16B00E5EC5C /* CarteleraTests.xctest */ = {isa = PBXFileReference; explicitFileType = wrapper.cfbundle; includeInIndex = 0; path = CarteleraTests.xctest; sourceTree = BUILT_PRODUCTS_DIR; };
		B8735E18278DC16B00E5EC5C /* CarteleraTests.swift */ = {isa = PBXFileReference; lastKnownFileType = sourcecode.swift; path = CarteleraTests.swift; sourceTree = "<group>"; };
		B8735E1E278DC16B00E5EC5C /* CarteleraUITests.xctest */ = {isa = PBXFileReference; explicitFileType = wrapper.cfbundle; includeInIndex = 0; path = CarteleraUITests.xctest; sourceTree = BUILT_PRODUCTS_DIR; };
		B8735E22278DC16B00E5EC5C /* CarteleraUITests.swift */ = {isa = PBXFileReference; lastKnownFileType = sourcecode.swift; path = CarteleraUITests.swift; sourceTree = "<group>"; };
		B8735E24278DC16B00E5EC5C /* CarteleraUITestsLaunchTests.swift */ = {isa = PBXFileReference; lastKnownFileType = sourcecode.swift; path = CarteleraUITestsLaunchTests.swift; sourceTree = "<group>"; };
		B8735E32278DC35B00E5EC5C /* AppCoordinator.swift */ = {isa = PBXFileReference; lastKnownFileType = sourcecode.swift; path = AppCoordinator.swift; sourceTree = "<group>"; };
/* End PBXFileReference section */

/* Begin PBXFrameworksBuildPhase section */
		B8735DFB278DC16900E5EC5C /* Frameworks */ = {
			isa = PBXFrameworksBuildPhase;
			buildActionMask = 2147483647;
			files = (
			);
			runOnlyForDeploymentPostprocessing = 0;
		};
		B8735E11278DC16B00E5EC5C /* Frameworks */ = {
			isa = PBXFrameworksBuildPhase;
			buildActionMask = 2147483647;
			files = (
			);
			runOnlyForDeploymentPostprocessing = 0;
		};
		B8735E1B278DC16B00E5EC5C /* Frameworks */ = {
			isa = PBXFrameworksBuildPhase;
			buildActionMask = 2147483647;
			files = (
			);
			runOnlyForDeploymentPostprocessing = 0;
		};
/* End PBXFrameworksBuildPhase section */

/* Begin PBXGroup section */
		B85FBF6B278DDD3B0044FC61 /* domain */ = {
			isa = PBXGroup;
			children = (
				B85FBF6C278DDD420044FC61 /* models */,
			);
			path = domain;
			sourceTree = "<group>";
		};
		B85FBF6C278DDD420044FC61 /* models */ = {
			isa = PBXGroup;
			children = (
				B85FBF6D278DDE090044FC61 /* FilmsModel.swift */,
			);
			path = models;
			sourceTree = "<group>";
		};
		B8735DF5278DC16900E5EC5C = {
			isa = PBXGroup;
			children = (
				B8735E00278DC16900E5EC5C /* Cartelera */,
				B8735E17278DC16B00E5EC5C /* CarteleraTests */,
				B8735E21278DC16B00E5EC5C /* CarteleraUITests */,
				B8735DFF278DC16900E5EC5C /* Products */,
			);
			sourceTree = "<group>";
		};
		B8735DFF278DC16900E5EC5C /* Products */ = {
			isa = PBXGroup;
			children = (
				B8735DFE278DC16900E5EC5C /* Cartelera.app */,
				B8735E14278DC16B00E5EC5C /* CarteleraTests.xctest */,
				B8735E1E278DC16B00E5EC5C /* CarteleraUITests.xctest */,
			);
			name = Products;
			sourceTree = "<group>";
		};
		B8735E00278DC16900E5EC5C /* Cartelera */ = {
			isa = PBXGroup;
			children = (
				B85FBF6B278DDD3B0044FC61 /* domain */,
				B8735E34278DC78A00E5EC5C /* data */,
				B8735E31278DC34600E5EC5C /* presentation */,
				B8735E01278DC16900E5EC5C /* AppDelegate.swift */,
				B8735E05278DC16900E5EC5C /* ViewController.swift */,
				B8735E0A278DC16B00E5EC5C /* Assets.xcassets */,
				B8735E0C278DC16B00E5EC5C /* LaunchScreen.storyboard */,
				B8735E0F278DC16B00E5EC5C /* Info.plist */,
			);
			path = Cartelera;
			sourceTree = "<group>";
		};
		B8735E17278DC16B00E5EC5C /* CarteleraTests */ = {
			isa = PBXGroup;
			children = (
				B8735E18278DC16B00E5EC5C /* CarteleraTests.swift */,
			);
			path = CarteleraTests;
			sourceTree = "<group>";
		};
		B8735E21278DC16B00E5EC5C /* CarteleraUITests */ = {
			isa = PBXGroup;
			children = (
				B8735E22278DC16B00E5EC5C /* CarteleraUITests.swift */,
				B8735E24278DC16B00E5EC5C /* CarteleraUITestsLaunchTests.swift */,
			);
			path = CarteleraUITests;
			sourceTree = "<group>";
		};
		B8735E31278DC34600E5EC5C /* presentation */ = {
			isa = PBXGroup;
			children = (
				B8735E32278DC35B00E5EC5C /* AppCoordinator.swift */,
			);
			path = presentation;
			sourceTree = "<group>";
		};
		B8735E34278DC78A00E5EC5C /* data */ = {
			isa = PBXGroup;
			children = (
				B85FBF62278DCA370044FC61 /* DataSource.swift */,
				B85FBF64278DCDCA0044FC61 /* APIMoviegluDataSourceProtocol.swift */,
				B85FBF65278DCDCA0044FC61 /* APIMoviegluDataSource.swift */,
			);
			path = data;
			sourceTree = "<group>";
		};
/* End PBXGroup section */

/* Begin PBXNativeTarget section */
		B8735DFD278DC16900E5EC5C /* Cartelera */ = {
			isa = PBXNativeTarget;
			buildConfigurationList = B8735E28278DC16B00E5EC5C /* Build configuration list for PBXNativeTarget "Cartelera" */;
			buildPhases = (
				B8735DFA278DC16900E5EC5C /* Sources */,
				B8735DFB278DC16900E5EC5C /* Frameworks */,
				B8735DFC278DC16900E5EC5C /* Resources */,
			);
			buildRules = (
			);
			dependencies = (
			);
			name = Cartelera;
			productName = Cartelera;
			productReference = B8735DFE278DC16900E5EC5C /* Cartelera.app */;
			productType = "com.apple.product-type.application";
		};
		B8735E13278DC16B00E5EC5C /* CarteleraTests */ = {
			isa = PBXNativeTarget;
			buildConfigurationList = B8735E2B278DC16B00E5EC5C /* Build configuration list for PBXNativeTarget "CarteleraTests" */;
			buildPhases = (
				B8735E10278DC16B00E5EC5C /* Sources */,
				B8735E11278DC16B00E5EC5C /* Frameworks */,
				B8735E12278DC16B00E5EC5C /* Resources */,
			);
			buildRules = (
			);
			dependencies = (
				B8735E16278DC16B00E5EC5C /* PBXTargetDependency */,
			);
			name = CarteleraTests;
			productName = CarteleraTests;
			productReference = B8735E14278DC16B00E5EC5C /* CarteleraTests.xctest */;
			productType = "com.apple.product-type.bundle.unit-test";
		};
		B8735E1D278DC16B00E5EC5C /* CarteleraUITests */ = {
			isa = PBXNativeTarget;
			buildConfigurationList = B8735E2E278DC16B00E5EC5C /* Build configuration list for PBXNativeTarget "CarteleraUITests" */;
			buildPhases = (
				B8735E1A278DC16B00E5EC5C /* Sources */,
				B8735E1B278DC16B00E5EC5C /* Frameworks */,
				B8735E1C278DC16B00E5EC5C /* Resources */,
			);
			buildRules = (
			);
			dependencies = (
				B8735E20278DC16B00E5EC5C /* PBXTargetDependency */,
			);
			name = CarteleraUITests;
			productName = CarteleraUITests;
			productReference = B8735E1E278DC16B00E5EC5C /* CarteleraUITests.xctest */;
			productType = "com.apple.product-type.bundle.ui-testing";
		};
/* End PBXNativeTarget section */

/* Begin PBXProject section */
		B8735DF6278DC16900E5EC5C /* Project object */ = {
			isa = PBXProject;
			attributes = {
				BuildIndependentTargetsInParallel = 1;
				LastSwiftUpdateCheck = 1310;
				LastUpgradeCheck = 1310;
				TargetAttributes = {
					B8735DFD278DC16900E5EC5C = {
						CreatedOnToolsVersion = 13.1;
					};
					B8735E13278DC16B00E5EC5C = {
						CreatedOnToolsVersion = 13.1;
						TestTargetID = B8735DFD278DC16900E5EC5C;
					};
					B8735E1D278DC16B00E5EC5C = {
						CreatedOnToolsVersion = 13.1;
						TestTargetID = B8735DFD278DC16900E5EC5C;
					};
				};
			};
			buildConfigurationList = B8735DF9278DC16900E5EC5C /* Build configuration list for PBXProject "Cartelera" */;
			compatibilityVersion = "Xcode 13.0";
			developmentRegion = en;
			hasScannedForEncodings = 0;
			knownRegions = (
				en,
				Base,
			);
			mainGroup = B8735DF5278DC16900E5EC5C;
			productRefGroup = B8735DFF278DC16900E5EC5C /* Products */;
			projectDirPath = "";
			projectRoot = "";
			targets = (
				B8735DFD278DC16900E5EC5C /* Cartelera */,
				B8735E13278DC16B00E5EC5C /* CarteleraTests */,
				B8735E1D278DC16B00E5EC5C /* CarteleraUITests */,
			);
		};
/* End PBXProject section */

/* Begin PBXResourcesBuildPhase section */
		B8735DFC278DC16900E5EC5C /* Resources */ = {
			isa = PBXResourcesBuildPhase;
			buildActionMask = 2147483647;
			files = (
				B8735E0E278DC16B00E5EC5C /* LaunchScreen.storyboard in Resources */,
				B8735E0B278DC16B00E5EC5C /* Assets.xcassets in Resources */,
			);
			runOnlyForDeploymentPostprocessing = 0;
		};
		B8735E12278DC16B00E5EC5C /* Resources */ = {
			isa = PBXResourcesBuildPhase;
			buildActionMask = 2147483647;
			files = (
			);
			runOnlyForDeploymentPostprocessing = 0;
		};
		B8735E1C278DC16B00E5EC5C /* Resources */ = {
			isa = PBXResourcesBuildPhase;
			buildActionMask = 2147483647;
			files = (
			);
			runOnlyForDeploymentPostprocessing = 0;
		};
/* End PBXResourcesBuildPhase section */

/* Begin PBXSourcesBuildPhase section */
		B8735DFA278DC16900E5EC5C /* Sources */ = {
			isa = PBXSourcesBuildPhase;
			buildActionMask = 2147483647;
			files = (
				B8735E33278DC35B00E5EC5C /* AppCoordinator.swift in Sources */,
				B85FBF67278DCDCA0044FC61 /* APIMoviegluDataSource.swift in Sources */,
				B8735E06278DC16900E5EC5C /* ViewController.swift in Sources */,
				B85FBF63278DCA370044FC61 /* DataSource.swift in Sources */,
				B85FBF6E278DDE090044FC61 /* FilmsModel.swift in Sources */,
				B85FBF66278DCDCA0044FC61 /* APIMoviegluDataSourceProtocol.swift in Sources */,
				B8735E02278DC16900E5EC5C /* AppDelegate.swift in Sources */,
			);
			runOnlyForDeploymentPostprocessing = 0;
		};
		B8735E10278DC16B00E5EC5C /* Sources */ = {
			isa = PBXSourcesBuildPhase;
			buildActionMask = 2147483647;
			files = (
				B8735E19278DC16B00E5EC5C /* CarteleraTests.swift in Sources */,
			);
			runOnlyForDeploymentPostprocessing = 0;
		};
		B8735E1A278DC16B00E5EC5C /* Sources */ = {
			isa = PBXSourcesBuildPhase;
			buildActionMask = 2147483647;
			files = (
				B8735E25278DC16B00E5EC5C /* CarteleraUITestsLaunchTests.swift in Sources */,
				B8735E23278DC16B00E5EC5C /* CarteleraUITests.swift in Sources */,
			);
			runOnlyForDeploymentPostprocessing = 0;
		};
/* End PBXSourcesBuildPhase section */

/* Begin PBXTargetDependency section */
		B8735E16278DC16B00E5EC5C /* PBXTargetDependency */ = {
			isa = PBXTargetDependency;
			target = B8735DFD278DC16900E5EC5C /* Cartelera */;
			targetProxy = B8735E15278DC16B00E5EC5C /* PBXContainerItemProxy */;
		};
		B8735E20278DC16B00E5EC5C /* PBXTargetDependency */ = {
			isa = PBXTargetDependency;
			target = B8735DFD278DC16900E5EC5C /* Cartelera */;
			targetProxy = B8735E1F278DC16B00E5EC5C /* PBXContainerItemProxy */;
		};
/* End PBXTargetDependency section */

/* Begin PBXVariantGroup section */
		B8735E0C278DC16B00E5EC5C /* LaunchScreen.storyboard */ = {
			isa = PBXVariantGroup;
			children = (
				B8735E0D278DC16B00E5EC5C /* Base */,
			);
			name = LaunchScreen.storyboard;
			sourceTree = "<group>";
		};
/* End PBXVariantGroup section */

/* Begin XCBuildConfiguration section */
		B8735E26278DC16B00E5EC5C /* Debug */ = {
			isa = XCBuildConfiguration;
			buildSettings = {
				ALWAYS_SEARCH_USER_PATHS = NO;
				CLANG_ANALYZER_NONNULL = YES;
				CLANG_ANALYZER_NUMBER_OBJECT_CONVERSION = YES_AGGRESSIVE;
				CLANG_CXX_LANGUAGE_STANDARD = "gnu++17";
				CLANG_CXX_LIBRARY = "libc++";
				CLANG_ENABLE_MODULES = YES;
				CLANG_ENABLE_OBJC_ARC = YES;
				CLANG_ENABLE_OBJC_WEAK = YES;
				CLANG_WARN_BLOCK_CAPTURE_AUTORELEASING = YES;
				CLANG_WARN_BOOL_CONVERSION = YES;
				CLANG_WARN_COMMA = YES;
				CLANG_WARN_CONSTANT_CONVERSION = YES;
				CLANG_WARN_DEPRECATED_OBJC_IMPLEMENTATIONS = YES;
				CLANG_WARN_DIRECT_OBJC_ISA_USAGE = YES_ERROR;
				CLANG_WARN_DOCUMENTATION_COMMENTS = YES;
				CLANG_WARN_EMPTY_BODY = YES;
				CLANG_WARN_ENUM_CONVERSION = YES;
				CLANG_WARN_INFINITE_RECURSION = YES;
				CLANG_WARN_INT_CONVERSION = YES;
				CLANG_WARN_NON_LITERAL_NULL_CONVERSION = YES;
				CLANG_WARN_OBJC_IMPLICIT_RETAIN_SELF = YES;
				CLANG_WARN_OBJC_LITERAL_CONVERSION = YES;
				CLANG_WARN_OBJC_ROOT_CLASS = YES_ERROR;
				CLANG_WARN_QUOTED_INCLUDE_IN_FRAMEWORK_HEADER = YES;
				CLANG_WARN_RANGE_LOOP_ANALYSIS = YES;
				CLANG_WARN_STRICT_PROTOTYPES = YES;
				CLANG_WARN_SUSPICIOUS_MOVE = YES;
				CLANG_WARN_UNGUARDED_AVAILABILITY = YES_AGGRESSIVE;
				CLANG_WARN_UNREACHABLE_CODE = YES;
				CLANG_WARN__DUPLICATE_METHOD_MATCH = YES;
				COPY_PHASE_STRIP = NO;
				DEBUG_INFORMATION_FORMAT = dwarf;
				ENABLE_STRICT_OBJC_MSGSEND = YES;
				ENABLE_TESTABILITY = YES;
				GCC_C_LANGUAGE_STANDARD = gnu11;
				GCC_DYNAMIC_NO_PIC = NO;
				GCC_NO_COMMON_BLOCKS = YES;
				GCC_OPTIMIZATION_LEVEL = 0;
				GCC_PREPROCESSOR_DEFINITIONS = (
					"DEBUG=1",
					"$(inherited)",
				);
				GCC_WARN_64_TO_32_BIT_CONVERSION = YES;
				GCC_WARN_ABOUT_RETURN_TYPE = YES_ERROR;
				GCC_WARN_UNDECLARED_SELECTOR = YES;
				GCC_WARN_UNINITIALIZED_AUTOS = YES_AGGRESSIVE;
				GCC_WARN_UNUSED_FUNCTION = YES;
				GCC_WARN_UNUSED_VARIABLE = YES;
				IPHONEOS_DEPLOYMENT_TARGET = 15.0;
				MTL_ENABLE_DEBUG_INFO = INCLUDE_SOURCE;
				MTL_FAST_MATH = YES;
				ONLY_ACTIVE_ARCH = YES;
				SDKROOT = iphoneos;
				SWIFT_ACTIVE_COMPILATION_CONDITIONS = DEBUG;
				SWIFT_OPTIMIZATION_LEVEL = "-Onone";
			};
			name = Debug;
		};
		B8735E27278DC16B00E5EC5C /* Release */ = {
			isa = XCBuildConfiguration;
			buildSettings = {
				ALWAYS_SEARCH_USER_PATHS = NO;
				CLANG_ANALYZER_NONNULL = YES;
				CLANG_ANALYZER_NUMBER_OBJECT_CONVERSION = YES_AGGRESSIVE;
				CLANG_CXX_LANGUAGE_STANDARD = "gnu++17";
				CLANG_CXX_LIBRARY = "libc++";
				CLANG_ENABLE_MODULES = YES;
				CLANG_ENABLE_OBJC_ARC = YES;
				CLANG_ENABLE_OBJC_WEAK = YES;
				CLANG_WARN_BLOCK_CAPTURE_AUTORELEASING = YES;
				CLANG_WARN_BOOL_CONVERSION = YES;
				CLANG_WARN_COMMA = YES;
				CLANG_WARN_CONSTANT_CONVERSION = YES;
				CLANG_WARN_DEPRECATED_OBJC_IMPLEMENTATIONS = YES;
				CLANG_WARN_DIRECT_OBJC_ISA_USAGE = YES_ERROR;
				CLANG_WARN_DOCUMENTATION_COMMENTS = YES;
				CLANG_WARN_EMPTY_BODY = YES;
				CLANG_WARN_ENUM_CONVERSION = YES;
				CLANG_WARN_INFINITE_RECURSION = YES;
				CLANG_WARN_INT_CONVERSION = YES;
				CLANG_WARN_NON_LITERAL_NULL_CONVERSION = YES;
				CLANG_WARN_OBJC_IMPLICIT_RETAIN_SELF = YES;
				CLANG_WARN_OBJC_LITERAL_CONVERSION = YES;
				CLANG_WARN_OBJC_ROOT_CLASS = YES_ERROR;
				CLANG_WARN_QUOTED_INCLUDE_IN_FRAMEWORK_HEADER = YES;
				CLANG_WARN_RANGE_LOOP_ANALYSIS = YES;
				CLANG_WARN_STRICT_PROTOTYPES = YES;
				CLANG_WARN_SUSPICIOUS_MOVE = YES;
				CLANG_WARN_UNGUARDED_AVAILABILITY = YES_AGGRESSIVE;
				CLANG_WARN_UNREACHABLE_CODE = YES;
				CLANG_WARN__DUPLICATE_METHOD_MATCH = YES;
				COPY_PHASE_STRIP = NO;
				DEBUG_INFORMATION_FORMAT = "dwarf-with-dsym";
				ENABLE_NS_ASSERTIONS = NO;
				ENABLE_STRICT_OBJC_MSGSEND = YES;
				GCC_C_LANGUAGE_STANDARD = gnu11;
				GCC_NO_COMMON_BLOCKS = YES;
				GCC_WARN_64_TO_32_BIT_CONVERSION = YES;
				GCC_WARN_ABOUT_RETURN_TYPE = YES_ERROR;
				GCC_WARN_UNDECLARED_SELECTOR = YES;
				GCC_WARN_UNINITIALIZED_AUTOS = YES_AGGRESSIVE;
				GCC_WARN_UNUSED_FUNCTION = YES;
				GCC_WARN_UNUSED_VARIABLE = YES;
				IPHONEOS_DEPLOYMENT_TARGET = 15.0;
				MTL_ENABLE_DEBUG_INFO = NO;
				MTL_FAST_MATH = YES;
				SDKROOT = iphoneos;
				SWIFT_COMPILATION_MODE = wholemodule;
				SWIFT_OPTIMIZATION_LEVEL = "-O";
				VALIDATE_PRODUCT = YES;
			};
			name = Release;
		};
		B8735E29278DC16B00E5EC5C /* Debug */ = {
			isa = XCBuildConfiguration;
			buildSettings = {
				ASSETCATALOG_COMPILER_APPICON_NAME = AppIcon;
				ASSETCATALOG_COMPILER_GLOBAL_ACCENT_COLOR_NAME = AccentColor;
				CODE_SIGN_STYLE = Automatic;
				CURRENT_PROJECT_VERSION = 1;
				DEVELOPMENT_TEAM = 74F5A5SVZ5;
				GENERATE_INFOPLIST_FILE = YES;
				INFOPLIST_FILE = Cartelera/Info.plist;
				INFOPLIST_KEY_UIApplicationSupportsIndirectInputEvents = YES;
				INFOPLIST_KEY_UILaunchStoryboardName = LaunchScreen;
				INFOPLIST_KEY_UISupportedInterfaceOrientations_iPad = "UIInterfaceOrientationPortrait UIInterfaceOrientationPortraitUpsideDown UIInterfaceOrientationLandscapeLeft UIInterfaceOrientationLandscapeRight";
				INFOPLIST_KEY_UISupportedInterfaceOrientations_iPhone = "UIInterfaceOrientationPortrait UIInterfaceOrientationLandscapeLeft UIInterfaceOrientationLandscapeRight";
				LD_RUNPATH_SEARCH_PATHS = (
					"$(inherited)",
					"@executable_path/Frameworks",
				);
				MARKETING_VERSION = 1.0;
				PRODUCT_BUNDLE_IDENTIFIER = leticiaecharri.Cartelera;
				PRODUCT_NAME = "$(TARGET_NAME)";
				SWIFT_EMIT_LOC_STRINGS = YES;
				SWIFT_VERSION = 5.0;
				TARGETED_DEVICE_FAMILY = "1,2";
			};
			name = Debug;
		};
		B8735E2A278DC16B00E5EC5C /* Release */ = {
			isa = XCBuildConfiguration;
			buildSettings = {
				ASSETCATALOG_COMPILER_APPICON_NAME = AppIcon;
				ASSETCATALOG_COMPILER_GLOBAL_ACCENT_COLOR_NAME = AccentColor;
				CODE_SIGN_STYLE = Automatic;
				CURRENT_PROJECT_VERSION = 1;
				DEVELOPMENT_TEAM = 74F5A5SVZ5;
				GENERATE_INFOPLIST_FILE = YES;
				INFOPLIST_FILE = Cartelera/Info.plist;
				INFOPLIST_KEY_UIApplicationSupportsIndirectInputEvents = YES;
				INFOPLIST_KEY_UILaunchStoryboardName = LaunchScreen;
				INFOPLIST_KEY_UISupportedInterfaceOrientations_iPad = "UIInterfaceOrientationPortrait UIInterfaceOrientationPortraitUpsideDown UIInterfaceOrientationLandscapeLeft UIInterfaceOrientationLandscapeRight";
				INFOPLIST_KEY_UISupportedInterfaceOrientations_iPhone = "UIInterfaceOrientationPortrait UIInterfaceOrientationLandscapeLeft UIInterfaceOrientationLandscapeRight";
				LD_RUNPATH_SEARCH_PATHS = (
					"$(inherited)",
					"@executable_path/Frameworks",
				);
				MARKETING_VERSION = 1.0;
				PRODUCT_BUNDLE_IDENTIFIER = leticiaecharri.Cartelera;
				PRODUCT_NAME = "$(TARGET_NAME)";
				SWIFT_EMIT_LOC_STRINGS = YES;
				SWIFT_VERSION = 5.0;
				TARGETED_DEVICE_FAMILY = "1,2";
			};
			name = Release;
		};
		B8735E2C278DC16B00E5EC5C /* Debug */ = {
			isa = XCBuildConfiguration;
			buildSettings = {
				ALWAYS_EMBED_SWIFT_STANDARD_LIBRARIES = YES;
				BUNDLE_LOADER = "$(TEST_HOST)";
				CODE_SIGN_STYLE = Automatic;
				CURRENT_PROJECT_VERSION = 1;
				DEVELOPMENT_TEAM = 74F5A5SVZ5;
				GENERATE_INFOPLIST_FILE = YES;
				IPHONEOS_DEPLOYMENT_TARGET = 15.0;
				LD_RUNPATH_SEARCH_PATHS = (
					"$(inherited)",
					"@executable_path/Frameworks",
					"@loader_path/Frameworks",
				);
				MARKETING_VERSION = 1.0;
				PRODUCT_BUNDLE_IDENTIFIER = leticiaecharri.CarteleraTests;
				PRODUCT_NAME = "$(TARGET_NAME)";
				SWIFT_EMIT_LOC_STRINGS = NO;
				SWIFT_VERSION = 5.0;
				TARGETED_DEVICE_FAMILY = "1,2";
				TEST_HOST = "$(BUILT_PRODUCTS_DIR)/Cartelera.app/Cartelera";
			};
			name = Debug;
		};
		B8735E2D278DC16B00E5EC5C /* Release */ = {
			isa = XCBuildConfiguration;
			buildSettings = {
				ALWAYS_EMBED_SWIFT_STANDARD_LIBRARIES = YES;
				BUNDLE_LOADER = "$(TEST_HOST)";
				CODE_SIGN_STYLE = Automatic;
				CURRENT_PROJECT_VERSION = 1;
				DEVELOPMENT_TEAM = 74F5A5SVZ5;
				GENERATE_INFOPLIST_FILE = YES;
				IPHONEOS_DEPLOYMENT_TARGET = 15.0;
				LD_RUNPATH_SEARCH_PATHS = (
					"$(inherited)",
					"@executable_path/Frameworks",
					"@loader_path/Frameworks",
				);
				MARKETING_VERSION = 1.0;
				PRODUCT_BUNDLE_IDENTIFIER = leticiaecharri.CarteleraTests;
				PRODUCT_NAME = "$(TARGET_NAME)";
				SWIFT_EMIT_LOC_STRINGS = NO;
				SWIFT_VERSION = 5.0;
				TARGETED_DEVICE_FAMILY = "1,2";
				TEST_HOST = "$(BUILT_PRODUCTS_DIR)/Cartelera.app/Cartelera";
			};
			name = Release;
		};
		B8735E2F278DC16B00E5EC5C /* Debug */ = {
			isa = XCBuildConfiguration;
			buildSettings = {
				ALWAYS_EMBED_SWIFT_STANDARD_LIBRARIES = YES;
				CODE_SIGN_STYLE = Automatic;
				CURRENT_PROJECT_VERSION = 1;
				DEVELOPMENT_TEAM = 74F5A5SVZ5;
				GENERATE_INFOPLIST_FILE = YES;
				LD_RUNPATH_SEARCH_PATHS = (
					"$(inherited)",
					"@executable_path/Frameworks",
					"@loader_path/Frameworks",
				);
				MARKETING_VERSION = 1.0;
				PRODUCT_BUNDLE_IDENTIFIER = leticiaecharri.CarteleraUITests;
				PRODUCT_NAME = "$(TARGET_NAME)";
				SWIFT_EMIT_LOC_STRINGS = NO;
				SWIFT_VERSION = 5.0;
				TARGETED_DEVICE_FAMILY = "1,2";
				TEST_TARGET_NAME = Cartelera;
			};
			name = Debug;
		};
		B8735E30278DC16B00E5EC5C /* Release */ = {
			isa = XCBuildConfiguration;
			buildSettings = {
				ALWAYS_EMBED_SWIFT_STANDARD_LIBRARIES = YES;
				CODE_SIGN_STYLE = Automatic;
				CURRENT_PROJECT_VERSION = 1;
				DEVELOPMENT_TEAM = 74F5A5SVZ5;
				GENERATE_INFOPLIST_FILE = YES;
				LD_RUNPATH_SEARCH_PATHS = (
					"$(inherited)",
					"@executable_path/Frameworks",
					"@loader_path/Frameworks",
				);
				MARKETING_VERSION = 1.0;
				PRODUCT_BUNDLE_IDENTIFIER = leticiaecharri.CarteleraUITests;
				PRODUCT_NAME = "$(TARGET_NAME)";
				SWIFT_EMIT_LOC_STRINGS = NO;
				SWIFT_VERSION = 5.0;
				TARGETED_DEVICE_FAMILY = "1,2";
				TEST_TARGET_NAME = Cartelera;
			};
			name = Release;
		};
/* End XCBuildConfiguration section */

/* Begin XCConfigurationList section */
		B8735DF9278DC16900E5EC5C /* Build configuration list for PBXProject "Cartelera" */ = {
			isa = XCConfigurationList;
			buildConfigurations = (
				B8735E26278DC16B00E5EC5C /* Debug */,
				B8735E27278DC16B00E5EC5C /* Release */,
			);
			defaultConfigurationIsVisible = 0;
			defaultConfigurationName = Release;
		};
		B8735E28278DC16B00E5EC5C /* Build configuration list for PBXNativeTarget "Cartelera" */ = {
			isa = XCConfigurationList;
			buildConfigurations = (
				B8735E29278DC16B00E5EC5C /* Debug */,
				B8735E2A278DC16B00E5EC5C /* Release */,
			);
			defaultConfigurationIsVisible = 0;
			defaultConfigurationName = Release;
		};
		B8735E2B278DC16B00E5EC5C /* Build configuration list for PBXNativeTarget "CarteleraTests" */ = {
			isa = XCConfigurationList;
			buildConfigurations = (
				B8735E2C278DC16B00E5EC5C /* Debug */,
				B8735E2D278DC16B00E5EC5C /* Release */,
			);
			defaultConfigurationIsVisible = 0;
			defaultConfigurationName = Release;
		};
		B8735E2E278DC16B00E5EC5C /* Build configuration list for PBXNativeTarget "CarteleraUITests" */ = {
			isa = XCConfigurationList;
			buildConfigurations = (
				B8735E2F278DC16B00E5EC5C /* Debug */,
				B8735E30278DC16B00E5EC5C /* Release */,
			);
			defaultConfigurationIsVisible = 0;
			defaultConfigurationName = Release;
		};
/* End XCConfigurationList section */
	};
	rootObject = B8735DF6278DC16900E5EC5C /* Project object */;
}
